
Microsoft Visual Studio Solution File, Format Version 11.00
# Visual Studio 2010
# SharpDevelop 5.1
Project("{FAE04EC0-301F-11D3-BF4B-00C04F79EFBC}") = "Rotation", "Rotation\Rotation.csproj", "{034DE8E7-5993-4428-9FB5-93CD100457B4}"
EndProject
Global
	GlobalSection(SolutionConfigurationPlatforms) = preSolution
		Debug|Any CPU = Debug|Any CPU
		Release|Any CPU = Release|Any CPU
	EndGlobalSection
	GlobalSection(ProjectConfigurationPlatforms) = postSolution
		{034DE8E7-5993-4428-9FB5-93CD100457B4}.Debug|Any CPU.ActiveCfg = Debug|Any CPU
		{034DE8E7-5993-4428-9FB5-93CD100457B4}.Debug|Any CPU.Build.0 = Debug|Any CPU
		{034DE8E7-5993-4428-9FB5-93CD100457B4}.Release|Any CPU.ActiveCfg = Release|Any CPU
		{034DE8E7-5993-4428-9FB5-93CD100457B4}.Release|Any CPU.Build.0 = Release|Any CPU
	EndGlobalSection
EndGlobal
